
Microsoft Visual Studio Solution File, Format Version 12.00
# Visual Studio 15
VisualStudioVersion = 15.0.27428.2015
MinimumVisualStudioVersion = 10.0.40219.1
Project("{FAE04EC0-301F-11D3-BF4B-00C04F79EFBC}") = "GitDemoTest", "GitDemoTest\GitDemoTest.csproj", "{B956E10C-79E0-4D4C-BF93-9837187E9286}"
EndProject
Global
	GlobalSection(SolutionConfigurationPlatforms) = preSolution
		Debug|Any CPU = Debug|Any CPU
		Release|Any CPU = Release|Any CPU
	EndGlobalSection
	GlobalSection(ProjectConfigurationPlatforms) = postSolution
		{B956E10C-79E0-4D4C-BF93-9837187E9286}.Debug|Any CPU.ActiveCfg = Debug|Any CPU
		{B956E10C-79E0-4D4C-BF93-9837187E9286}.Debug|Any CPU.Build.0 = Debug|Any CPU
		{B956E10C-79E0-4D4C-BF93-9837187E9286}.Release|Any CPU.ActiveCfg = Release|Any CPU
		{B956E10C-79E0-4D4C-BF93-9837187E9286}.Release|Any CPU.Build.0 = Release|Any CPU
	EndGlobalSection
	GlobalSection(SolutionProperties) = preSolution
		HideSolutionNode = FALSE
	EndGlobalSection
	GlobalSection(ExtensibilityGlobals) = postSolution
		SolutionGuid = {78C25CB8-7343-4549-8C58-9199952CE91D}
	EndGlobalSection
EndGlobal
